
Microsoft Visual Studio Solution File, Format Version 12.00
# Visual Studio Version 17
VisualStudioVersion = 17.6.33815.320
MinimumVisualStudioVersion = 10.0.40219.1
Project("{2150E333-8FDC-42A3-9474-1A3956D46DE8}") = "Services", "Services", "{AF37608D-B483-4E25-9954-F732C2400F99}"
EndProject
Project("{2150E333-8FDC-42A3-9474-1A3956D46DE8}") = "Catalog", "Catalog", "{8B920745-CE45-4A7B-8D4C-77DC83E20A45}"
EndProject
Project("{9A19103F-16F7-4668-BE54-9A1E7A4F7556}") = "IEAMicroService.Catalog", "Services\Catalog\IEAMicroService.Catalog\IEAMicroService.Catalog.csproj", "{2BF82535-6FAA-4FCB-90C9-97CC3B2DDDB0}"
EndProject
Project("{2150E333-8FDC-42A3-9474-1A3956D46DE8}") = "Shared", "Shared", "{BB566959-6AD1-4260-834E-C62590F0C5D9}"
EndProject
Project("{9A19103F-16F7-4668-BE54-9A1E7A4F7556}") = "IEAMicroService.Shared", "Shared\IEAMicroService.Shared\IEAMicroService.Shared.csproj", "{B8EF1CFE-B435-4D35-9D49-2B7AE0A21527}"
EndProject
Project("{2150E333-8FDC-42A3-9474-1A3956D46DE8}") = "IdentityServer", "IdentityServer", "{119DBBB5-0799-49A1-ABB1-E84736B88F23}"
EndProject
Project("{9A19103F-16F7-4668-BE54-9A1E7A4F7556}") = "IEAMicroService.IdentityServer", "IdentityServer\IEAMicroService.IdentityServer\IEAMicroService.IdentityServer.csproj", "{BEACFEF9-BC2F-41FD-BE42-021ECC069FD5}"
EndProject
Global
	GlobalSection(SolutionConfigurationPlatforms) = preSolution
		Debug|Any CPU = Debug|Any CPU
		Release|Any CPU = Release|Any CPU
	EndGlobalSection
	GlobalSection(ProjectConfigurationPlatforms) = postSolution
		{2BF82535-6FAA-4FCB-90C9-97CC3B2DDDB0}.Debug|Any CPU.ActiveCfg = Debug|Any CPU
		{2BF82535-6FAA-4FCB-90C9-97CC3B2DDDB0}.Debug|Any CPU.Build.0 = Debug|Any CPU
		{2BF82535-6FAA-4FCB-90C9-97CC3B2DDDB0}.Release|Any CPU.ActiveCfg = Release|Any CPU
		{2BF82535-6FAA-4FCB-90C9-97CC3B2DDDB0}.Release|Any CPU.Build.0 = Release|Any CPU
		{B8EF1CFE-B435-4D35-9D49-2B7AE0A21527}.Debug|Any CPU.ActiveCfg = Debug|Any CPU
		{B8EF1CFE-B435-4D35-9D49-2B7AE0A21527}.Debug|Any CPU.Build.0 = Debug|Any CPU
		{B8EF1CFE-B435-4D35-9D49-2B7AE0A21527}.Release|Any CPU.ActiveCfg = Release|Any CPU
		{B8EF1CFE-B435-4D35-9D49-2B7AE0A21527}.Release|Any CPU.Build.0 = Release|Any CPU
		{BEACFEF9-BC2F-41FD-BE42-021ECC069FD5}.Debug|Any CPU.ActiveCfg = Debug|Any CPU
		{BEACFEF9-BC2F-41FD-BE42-021ECC069FD5}.Debug|Any CPU.Build.0 = Debug|Any CPU
		{BEACFEF9-BC2F-41FD-BE42-021ECC069FD5}.Release|Any CPU.ActiveCfg = Release|Any CPU
		{BEACFEF9-BC2F-41FD-BE42-021ECC069FD5}.Release|Any CPU.Build.0 = Release|Any CPU
	EndGlobalSection
	GlobalSection(SolutionProperties) = preSolution
		HideSolutionNode = FALSE
	EndGlobalSection
	GlobalSection(NestedProjects) = preSolution
		{8B920745-CE45-4A7B-8D4C-77DC83E20A45} = {AF37608D-B483-4E25-9954-F732C2400F99}
		{2BF82535-6FAA-4FCB-90C9-97CC3B2DDDB0} = {8B920745-CE45-4A7B-8D4C-77DC83E20A45}
		{B8EF1CFE-B435-4D35-9D49-2B7AE0A21527} = {BB566959-6AD1-4260-834E-C62590F0C5D9}
		{BEACFEF9-BC2F-41FD-BE42-021ECC069FD5} = {119DBBB5-0799-49A1-ABB1-E84736B88F23}
	EndGlobalSection
	GlobalSection(ExtensibilityGlobals) = postSolution
		SolutionGuid = {860A446C-82CD-40E2-87E4-412F1ECF10BD}
	EndGlobalSection
EndGlobal
