
Microsoft Visual Studio Solution File, Format Version 12.00
# Visual Studio Version 17
VisualStudioVersion = 17.6.33815.320
MinimumVisualStudioVersion = 10.0.40219.1
Project("{2150E333-8FDC-42A3-9474-1A3956D46DE8}") = "Services", "Services", "{AF37608D-B483-4E25-9954-F732C2400F99}"
EndProject
Project("{2150E333-8FDC-42A3-9474-1A3956D46DE8}") = "Catalog", "Catalog", "{8B920745-CE45-4A7B-8D4C-77DC83E20A45}"
EndProject
Project("{9A19103F-16F7-4668-BE54-9A1E7A4F7556}") = "IEAMicroService.Catalog", "Services\Catalog\IEAMicroService.Catalog\IEAMicroService.Catalog.csproj", "{2BF82535-6FAA-4FCB-90C9-97CC3B2DDDB0}"
EndProject
Project("{2150E333-8FDC-42A3-9474-1A3956D46DE8}") = "Shared", "Shared", "{BB566959-6AD1-4260-834E-C62590F0C5D9}"
EndProject
Project("{9A19103F-16F7-4668-BE54-9A1E7A4F7556}") = "IEAMicroService.Shared", "Shared\IEAMicroService.Shared\IEAMicroService.Shared.csproj", "{B8EF1CFE-B435-4D35-9D49-2B7AE0A21527}"
EndProject
Project("{2150E333-8FDC-42A3-9474-1A3956D46DE8}") = "IdentityServer", "IdentityServer", "{119DBBB5-0799-49A1-ABB1-E84736B88F23}"
EndProject
Project("{9A19103F-16F7-4668-BE54-9A1E7A4F7556}") = "IEAMicroService.IdentityServer", "IdentityServer\IEAMicroService.IdentityServer\IEAMicroService.IdentityServer.csproj", "{BEACFEF9-BC2F-41FD-BE42-021ECC069FD5}"
EndProject
Project("{2150E333-8FDC-42A3-9474-1A3956D46DE8}") = "Discount", "Discount", "{E7BE0FE2-F6BE-437D-89C6-ADCA749269F6}"
EndProject
Project("{9A19103F-16F7-4668-BE54-9A1E7A4F7556}") = "IEAMicroService.Discount", "Services\Discount\IEAMicroService.Discount\IEAMicroService.Discount.csproj", "{64EE962E-9521-48F9-9CA2-8C60B4CAAD04}"
EndProject
Project("{2150E333-8FDC-42A3-9474-1A3956D46DE8}") = "Basket", "Basket", "{BE7FAB94-A644-416E-A5EB-5C041FF0954E}"
EndProject
Project("{9A19103F-16F7-4668-BE54-9A1E7A4F7556}") = "IEAMicroService.Basket", "IEAMicroService.Basket\IEAMicroService.Basket\IEAMicroService.Basket.csproj", "{0B563AE4-34A4-4776-AB54-BF75105420F1}"
EndProject
Project("{2150E333-8FDC-42A3-9474-1A3956D46DE8}") = "Order", "Order", "{91E78E48-657D-46DD-8FD5-92DF515514D8}"
EndProject
Project("{2150E333-8FDC-42A3-9474-1A3956D46DE8}") = "Core", "Core", "{E3733F80-B23B-4861-8D1A-D8678981D64C}"
EndProject
Project("{2150E333-8FDC-42A3-9474-1A3956D46DE8}") = "Presentation", "Presentation", "{0C34BA4A-6CCC-4EF4-960B-6BFC485AC1BA}"
EndProject
Project("{2150E333-8FDC-42A3-9474-1A3956D46DE8}") = "Infrastructure", "Infrastructure", "{600A10FA-4F3E-4D92-BD67-63B911CE2607}"
EndProject
Project("{9A19103F-16F7-4668-BE54-9A1E7A4F7556}") = "IEAMicroService.Services.Order.Core.Application", "Services\Order\Core\IEAMicroService.Services.Order.Core.Application\IEAMicroService.Services.Order.Core.Application.csproj", "{AD8CEBE8-C272-46E9-91FC-7F6075EDCEA6}"
EndProject
Project("{9A19103F-16F7-4668-BE54-9A1E7A4F7556}") = "IEAMicroService.Services.Order.Core.Domain", "Services\Order\Core\IEAMicroService.Services.Order.Core.Domain\IEAMicroService.Services.Order.Core.Domain.csproj", "{B0D93561-9F1E-4771-9C21-7E40FF396D1B}"
EndProject
Project("{9A19103F-16F7-4668-BE54-9A1E7A4F7556}") = "IEAMicroService.Services.Order.Infrastructure.Persistance", "Services\Order\Infrastructure\IEAMicroService.Services.Order.Infrastructure.Persistance\IEAMicroService.Services.Order.Infrastructure.Persistance.csproj", "{A2CC68D3-741B-4A50-BB9C-A3D980BA80C5}"
EndProject
Project("{9A19103F-16F7-4668-BE54-9A1E7A4F7556}") = "IEAMicroService.Services.Order.Presentation.Api", "Services\Order\Presentation\IEAMicroService.Services.Order.Presentation.Api\IEAMicroService.Services.Order.Presentation.Api.csproj", "{94097AE8-9F7B-4BC4-A7DA-977BE17AE8E6}"
EndProject
Project("{2150E333-8FDC-42A3-9474-1A3956D46DE8}") = "Cargo", "Cargo", "{D303AA68-9594-4346-8A82-01B0716487B1}"
EndProject
Project("{9A19103F-16F7-4668-BE54-9A1E7A4F7556}") = "IEAMicroService.EntityLayer", "Services\Cargo\IEAMicroService.EntityLayer\IEAMicroService.EntityLayer.csproj", "{55FD3368-1803-42F7-A64C-F2EBBB365853}"
EndProject
Project("{9A19103F-16F7-4668-BE54-9A1E7A4F7556}") = "IEAMicroService.BusinessLayer", "Services\Cargo\IEAMicroService.BusinessLayer\IEAMicroService.BusinessLayer.csproj", "{A993CB60-7B08-4FF6-AC86-0742793EEF62}"
EndProject
Project("{9A19103F-16F7-4668-BE54-9A1E7A4F7556}") = "IEAMicroService.DataAccessLayer", "Services\Cargo\IEAMicroService.DataAccessLayer\IEAMicroService.DataAccessLayer.csproj", "{43BC40A7-B51B-44C0-9561-4BD07CB4F651}"
EndProject
Project("{9A19103F-16F7-4668-BE54-9A1E7A4F7556}") = "IEAMicroService.PresentationLayer", "Services\Cargo\IEAMicroService.PresentationLayer\IEAMicroService.PresentationLayer.csproj", "{45AD8AED-6F8B-4724-A1BB-B53F0FBEA7F5}"
EndProject
Project("{2150E333-8FDC-42A3-9474-1A3956D46DE8}") = "PhotoStock", "PhotoStock", "{BD8BF0D4-B0C4-41B7-8595-16BC47A3E6DC}"
EndProject
Project("{9A19103F-16F7-4668-BE54-9A1E7A4F7556}") = "IEAMicroService.Services.PhotoStock", "Services\PhotoStock\IEAMicroService.Services.PhotoStock\IEAMicroService.Services.PhotoStock.csproj", "{EF42EA4D-D65C-497B-B09C-E7781D2ECC6F}"
EndProject
Project("{2150E333-8FDC-42A3-9474-1A3956D46DE8}") = "Payment", "Payment", "{86DBF004-B723-4349-9919-894C688BD083}"
EndProject
Project("{9A19103F-16F7-4668-BE54-9A1E7A4F7556}") = "IEAMicroService.Services.Payment", "Services\Payment\IEAMicroService.Services.Payment\IEAMicroService.Services.Payment.csproj", "{8D3A1DC9-95C2-444C-939D-4AEC0BDEC62F}"
EndProject
Project("{2150E333-8FDC-42A3-9474-1A3956D46DE8}") = "Gateways", "Gateways", "{4CDC3BE6-0496-48B3-8B33-8D9E16E6FB10}"
EndProject
Project("{FAE04EC0-301F-11D3-BF4B-00C04F79EFBC}") = "IEAMicroService.Gateway", "Gateways\IEAMicroService.Gateway\IEAMicroService.Gateway.csproj", "{1B0E6AB1-C5D1-4E2E-8C8C-075AB72636F4}"
EndProject
Global
	GlobalSection(SolutionConfigurationPlatforms) = preSolution
		Debug|Any CPU = Debug|Any CPU
		Release|Any CPU = Release|Any CPU
	EndGlobalSection
	GlobalSection(ProjectConfigurationPlatforms) = postSolution
		{2BF82535-6FAA-4FCB-90C9-97CC3B2DDDB0}.Debug|Any CPU.ActiveCfg = Debug|Any CPU
		{2BF82535-6FAA-4FCB-90C9-97CC3B2DDDB0}.Debug|Any CPU.Build.0 = Debug|Any CPU
		{2BF82535-6FAA-4FCB-90C9-97CC3B2DDDB0}.Release|Any CPU.ActiveCfg = Release|Any CPU
		{2BF82535-6FAA-4FCB-90C9-97CC3B2DDDB0}.Release|Any CPU.Build.0 = Release|Any CPU
		{B8EF1CFE-B435-4D35-9D49-2B7AE0A21527}.Debug|Any CPU.ActiveCfg = Debug|Any CPU
		{B8EF1CFE-B435-4D35-9D49-2B7AE0A21527}.Debug|Any CPU.Build.0 = Debug|Any CPU
		{B8EF1CFE-B435-4D35-9D49-2B7AE0A21527}.Release|Any CPU.ActiveCfg = Release|Any CPU
		{B8EF1CFE-B435-4D35-9D49-2B7AE0A21527}.Release|Any CPU.Build.0 = Release|Any CPU
		{BEACFEF9-BC2F-41FD-BE42-021ECC069FD5}.Debug|Any CPU.ActiveCfg = Debug|Any CPU
		{BEACFEF9-BC2F-41FD-BE42-021ECC069FD5}.Debug|Any CPU.Build.0 = Debug|Any CPU
		{BEACFEF9-BC2F-41FD-BE42-021ECC069FD5}.Release|Any CPU.ActiveCfg = Release|Any CPU
		{BEACFEF9-BC2F-41FD-BE42-021ECC069FD5}.Release|Any CPU.Build.0 = Release|Any CPU
		{64EE962E-9521-48F9-9CA2-8C60B4CAAD04}.Debug|Any CPU.ActiveCfg = Debug|Any CPU
		{64EE962E-9521-48F9-9CA2-8C60B4CAAD04}.Debug|Any CPU.Build.0 = Debug|Any CPU
		{64EE962E-9521-48F9-9CA2-8C60B4CAAD04}.Release|Any CPU.ActiveCfg = Release|Any CPU
		{64EE962E-9521-48F9-9CA2-8C60B4CAAD04}.Release|Any CPU.Build.0 = Release|Any CPU
		{0B563AE4-34A4-4776-AB54-BF75105420F1}.Debug|Any CPU.ActiveCfg = Debug|Any CPU
		{0B563AE4-34A4-4776-AB54-BF75105420F1}.Debug|Any CPU.Build.0 = Debug|Any CPU
		{0B563AE4-34A4-4776-AB54-BF75105420F1}.Release|Any CPU.ActiveCfg = Release|Any CPU
		{0B563AE4-34A4-4776-AB54-BF75105420F1}.Release|Any CPU.Build.0 = Release|Any CPU
		{AD8CEBE8-C272-46E9-91FC-7F6075EDCEA6}.Debug|Any CPU.ActiveCfg = Debug|Any CPU
		{AD8CEBE8-C272-46E9-91FC-7F6075EDCEA6}.Debug|Any CPU.Build.0 = Debug|Any CPU
		{AD8CEBE8-C272-46E9-91FC-7F6075EDCEA6}.Release|Any CPU.ActiveCfg = Release|Any CPU
		{AD8CEBE8-C272-46E9-91FC-7F6075EDCEA6}.Release|Any CPU.Build.0 = Release|Any CPU
		{B0D93561-9F1E-4771-9C21-7E40FF396D1B}.Debug|Any CPU.ActiveCfg = Debug|Any CPU
		{B0D93561-9F1E-4771-9C21-7E40FF396D1B}.Debug|Any CPU.Build.0 = Debug|Any CPU
		{B0D93561-9F1E-4771-9C21-7E40FF396D1B}.Release|Any CPU.ActiveCfg = Release|Any CPU
		{B0D93561-9F1E-4771-9C21-7E40FF396D1B}.Release|Any CPU.Build.0 = Release|Any CPU
		{A2CC68D3-741B-4A50-BB9C-A3D980BA80C5}.Debug|Any CPU.ActiveCfg = Debug|Any CPU
		{A2CC68D3-741B-4A50-BB9C-A3D980BA80C5}.Debug|Any CPU.Build.0 = Debug|Any CPU
		{A2CC68D3-741B-4A50-BB9C-A3D980BA80C5}.Release|Any CPU.ActiveCfg = Release|Any CPU
		{A2CC68D3-741B-4A50-BB9C-A3D980BA80C5}.Release|Any CPU.Build.0 = Release|Any CPU
		{94097AE8-9F7B-4BC4-A7DA-977BE17AE8E6}.Debug|Any CPU.ActiveCfg = Debug|Any CPU
		{94097AE8-9F7B-4BC4-A7DA-977BE17AE8E6}.Debug|Any CPU.Build.0 = Debug|Any CPU
		{94097AE8-9F7B-4BC4-A7DA-977BE17AE8E6}.Release|Any CPU.ActiveCfg = Release|Any CPU
		{94097AE8-9F7B-4BC4-A7DA-977BE17AE8E6}.Release|Any CPU.Build.0 = Release|Any CPU
		{55FD3368-1803-42F7-A64C-F2EBBB365853}.Debug|Any CPU.ActiveCfg = Debug|Any CPU
		{55FD3368-1803-42F7-A64C-F2EBBB365853}.Debug|Any CPU.Build.0 = Debug|Any CPU
		{55FD3368-1803-42F7-A64C-F2EBBB365853}.Release|Any CPU.ActiveCfg = Release|Any CPU
		{55FD3368-1803-42F7-A64C-F2EBBB365853}.Release|Any CPU.Build.0 = Release|Any CPU
		{A993CB60-7B08-4FF6-AC86-0742793EEF62}.Debug|Any CPU.ActiveCfg = Debug|Any CPU
		{A993CB60-7B08-4FF6-AC86-0742793EEF62}.Debug|Any CPU.Build.0 = Debug|Any CPU
		{A993CB60-7B08-4FF6-AC86-0742793EEF62}.Release|Any CPU.ActiveCfg = Release|Any CPU
		{A993CB60-7B08-4FF6-AC86-0742793EEF62}.Release|Any CPU.Build.0 = Release|Any CPU
		{43BC40A7-B51B-44C0-9561-4BD07CB4F651}.Debug|Any CPU.ActiveCfg = Debug|Any CPU
		{43BC40A7-B51B-44C0-9561-4BD07CB4F651}.Debug|Any CPU.Build.0 = Debug|Any CPU
		{43BC40A7-B51B-44C0-9561-4BD07CB4F651}.Release|Any CPU.ActiveCfg = Release|Any CPU
		{43BC40A7-B51B-44C0-9561-4BD07CB4F651}.Release|Any CPU.Build.0 = Release|Any CPU
		{45AD8AED-6F8B-4724-A1BB-B53F0FBEA7F5}.Debug|Any CPU.ActiveCfg = Debug|Any CPU
		{45AD8AED-6F8B-4724-A1BB-B53F0FBEA7F5}.Debug|Any CPU.Build.0 = Debug|Any CPU
		{45AD8AED-6F8B-4724-A1BB-B53F0FBEA7F5}.Release|Any CPU.ActiveCfg = Release|Any CPU
		{45AD8AED-6F8B-4724-A1BB-B53F0FBEA7F5}.Release|Any CPU.Build.0 = Release|Any CPU
		{EF42EA4D-D65C-497B-B09C-E7781D2ECC6F}.Debug|Any CPU.ActiveCfg = Debug|Any CPU
		{EF42EA4D-D65C-497B-B09C-E7781D2ECC6F}.Debug|Any CPU.Build.0 = Debug|Any CPU
		{EF42EA4D-D65C-497B-B09C-E7781D2ECC6F}.Release|Any CPU.ActiveCfg = Release|Any CPU
		{EF42EA4D-D65C-497B-B09C-E7781D2ECC6F}.Release|Any CPU.Build.0 = Release|Any CPU
		{8D3A1DC9-95C2-444C-939D-4AEC0BDEC62F}.Debug|Any CPU.ActiveCfg = Debug|Any CPU
		{8D3A1DC9-95C2-444C-939D-4AEC0BDEC62F}.Debug|Any CPU.Build.0 = Debug|Any CPU
		{8D3A1DC9-95C2-444C-939D-4AEC0BDEC62F}.Release|Any CPU.ActiveCfg = Release|Any CPU
		{8D3A1DC9-95C2-444C-939D-4AEC0BDEC62F}.Release|Any CPU.Build.0 = Release|Any CPU
		{1B0E6AB1-C5D1-4E2E-8C8C-075AB72636F4}.Debug|Any CPU.ActiveCfg = Debug|Any CPU
		{1B0E6AB1-C5D1-4E2E-8C8C-075AB72636F4}.Debug|Any CPU.Build.0 = Debug|Any CPU
		{1B0E6AB1-C5D1-4E2E-8C8C-075AB72636F4}.Release|Any CPU.ActiveCfg = Release|Any CPU
		{1B0E6AB1-C5D1-4E2E-8C8C-075AB72636F4}.Release|Any CPU.Build.0 = Release|Any CPU
	EndGlobalSection
	GlobalSection(SolutionProperties) = preSolution
		HideSolutionNode = FALSE
	EndGlobalSection
	GlobalSection(NestedProjects) = preSolution
		{8B920745-CE45-4A7B-8D4C-77DC83E20A45} = {AF37608D-B483-4E25-9954-F732C2400F99}
		{2BF82535-6FAA-4FCB-90C9-97CC3B2DDDB0} = {8B920745-CE45-4A7B-8D4C-77DC83E20A45}
		{B8EF1CFE-B435-4D35-9D49-2B7AE0A21527} = {BB566959-6AD1-4260-834E-C62590F0C5D9}
		{BEACFEF9-BC2F-41FD-BE42-021ECC069FD5} = {119DBBB5-0799-49A1-ABB1-E84736B88F23}
		{E7BE0FE2-F6BE-437D-89C6-ADCA749269F6} = {AF37608D-B483-4E25-9954-F732C2400F99}
		{64EE962E-9521-48F9-9CA2-8C60B4CAAD04} = {E7BE0FE2-F6BE-437D-89C6-ADCA749269F6}
		{BE7FAB94-A644-416E-A5EB-5C041FF0954E} = {AF37608D-B483-4E25-9954-F732C2400F99}
		{0B563AE4-34A4-4776-AB54-BF75105420F1} = {BE7FAB94-A644-416E-A5EB-5C041FF0954E}
		{91E78E48-657D-46DD-8FD5-92DF515514D8} = {AF37608D-B483-4E25-9954-F732C2400F99}
		{E3733F80-B23B-4861-8D1A-D8678981D64C} = {91E78E48-657D-46DD-8FD5-92DF515514D8}
		{0C34BA4A-6CCC-4EF4-960B-6BFC485AC1BA} = {91E78E48-657D-46DD-8FD5-92DF515514D8}
		{600A10FA-4F3E-4D92-BD67-63B911CE2607} = {91E78E48-657D-46DD-8FD5-92DF515514D8}
		{AD8CEBE8-C272-46E9-91FC-7F6075EDCEA6} = {E3733F80-B23B-4861-8D1A-D8678981D64C}
		{B0D93561-9F1E-4771-9C21-7E40FF396D1B} = {E3733F80-B23B-4861-8D1A-D8678981D64C}
		{A2CC68D3-741B-4A50-BB9C-A3D980BA80C5} = {600A10FA-4F3E-4D92-BD67-63B911CE2607}
		{94097AE8-9F7B-4BC4-A7DA-977BE17AE8E6} = {0C34BA4A-6CCC-4EF4-960B-6BFC485AC1BA}
		{D303AA68-9594-4346-8A82-01B0716487B1} = {AF37608D-B483-4E25-9954-F732C2400F99}
		{55FD3368-1803-42F7-A64C-F2EBBB365853} = {D303AA68-9594-4346-8A82-01B0716487B1}
		{A993CB60-7B08-4FF6-AC86-0742793EEF62} = {D303AA68-9594-4346-8A82-01B0716487B1}
		{43BC40A7-B51B-44C0-9561-4BD07CB4F651} = {D303AA68-9594-4346-8A82-01B0716487B1}
		{45AD8AED-6F8B-4724-A1BB-B53F0FBEA7F5} = {D303AA68-9594-4346-8A82-01B0716487B1}
		{BD8BF0D4-B0C4-41B7-8595-16BC47A3E6DC} = {AF37608D-B483-4E25-9954-F732C2400F99}
		{EF42EA4D-D65C-497B-B09C-E7781D2ECC6F} = {BD8BF0D4-B0C4-41B7-8595-16BC47A3E6DC}
		{86DBF004-B723-4349-9919-894C688BD083} = {AF37608D-B483-4E25-9954-F732C2400F99}
		{8D3A1DC9-95C2-444C-939D-4AEC0BDEC62F} = {86DBF004-B723-4349-9919-894C688BD083}
		{1B0E6AB1-C5D1-4E2E-8C8C-075AB72636F4} = {4CDC3BE6-0496-48B3-8B33-8D9E16E6FB10}
	EndGlobalSection
	GlobalSection(ExtensibilityGlobals) = postSolution
		SolutionGuid = {860A446C-82CD-40E2-87E4-412F1ECF10BD}
	EndGlobalSection
EndGlobal
